{
  "requires": true,
  "lockfileVersion": 1,
  "dependencies": {
    "gsap": {
      "version": "2.0.1",
      "resolved": "https://registry.npmjs.org/gsap/-/gsap-2.0.1.tgz",
      "integrity": "sha512-qxkO/cwLXltcK9xL3bgXlw3WXrkJsbiRY7HcqoeFzT0lizDyTG8XU2iQ5xAOXo9MJMKIYURFLQN1IHOVaLORLA=="
    },
    "q": {
      "version": "1.5.1",
      "resolved": "https://registry.npmjs.org/q/-/q-1.5.1.tgz",
      "integrity": "sha1-fjL3W0E4EpHQRhHxvxQQmsAGUdc="
    }
  }
}
